{
  "version": 4,
  "terraform_version": "1.6.6",
  "serial": 226,
  "lineage": "1790d42a-1ffb-943a-5155-8d60e2113e90",
  "outputs": {
    "PET-NAME": {
      "value": "pheasant",
      "type": "string"
    }
  },
  "resources": [
    {
      "module": "module.aks_cluster",
      "mode": "managed",
      "type": "azurerm_network_security_rule",
      "name": "aks_load_balancer_subnet_nsg_rules",
      "provider": "provider[\"registry.terraform.io/hashicorp/azurerm\"]",
      "instances": []
    },
    {
      "module": "module.aks_cluster",
      "mode": "managed",
      "type": "azurerm_network_security_rule",
      "name": "aks_node_pool_subnet_nsg_rules",
      "provider": "provider[\"registry.terraform.io/hashicorp/azurerm\"]",
      "instances": []
    },
    {
      "module": "module.aks_cluster",
      "mode": "managed",
      "type": "azurerm_subnet",
      "name": "aks_node_pool_subnet",
      "provider": "provider[\"registry.terraform.io/hashicorp/azurerm\"]",
      "instances": [
        {
          "schema_version": 0,
          "attributes": {
            "address_prefixes": [
              "10.0.2.0/24"
            ],
            "delegation": [],
            "enforce_private_link_endpoint_network_policies": true,
            "enforce_private_link_service_network_policies": false,
            "id": "/subscriptions/c8dfa2ca-65d9-45c5-830a-f3c93b1e5d5f/resourceGroups/rg-aks-deployment-dev-eastus-001/providers/Microsoft.Network/virtualNetworks/vnet-aks-deployment-dev-eastus-vn/subnets/snet-aks-node-pool-dev-eastus-sn",
            "name": "snet-aks-node-pool-dev-eastus-sn",
            "private_endpoint_network_policies_enabled": false,
            "private_link_service_network_policies_enabled": true,
            "resource_group_name": "rg-aks-deployment-dev-eastus-001",
            "service_endpoint_policy_ids": [],
            "service_endpoints": [
              "Microsoft.ContainerRegistry",
              "Microsoft.EventHub",
              "Microsoft.Sql",
              "Microsoft.Storage"
            ],
            "timeouts": null,
            "virtual_network_name": "vnet-aks-deployment-dev-eastus-vn"
          },
          "sensitive_attributes": [],
          "private": "eyJlMmJmYjczMC1lY2FhLTExZTYtOGY4OC0zNDM2M2JjN2M0YzAiOnsiY3JlYXRlIjoxODAwMDAwMDAwMDAwLCJkZWxldGUiOjE4MDAwMDAwMDAwMDAsInJlYWQiOjMwMDAwMDAwMDAwMCwidXBkYXRlIjoxODAwMDAwMDAwMDAwfX0=",
          "dependencies": [
            "module.resource-group.azurerm_resource_group.resource_group",
            "module.virtual-network.azurerm_virtual_network.virtual_network"
          ]
        }
      ]
    },
    {
      "module": "module.aks_cluster",
      "mode": "managed",
      "type": "azurerm_subnet",
      "name": "internal_load_balancer_subnet",
      "provider": "provider[\"registry.terraform.io/hashicorp/azurerm\"]",
      "instances": [
        {
          "schema_version": 0,
          "attributes": {
            "address_prefixes": [
              "10.0.1.0/24"
            ],
            "delegation": [],
            "enforce_private_link_endpoint_network_policies": true,
            "enforce_private_link_service_network_policies": false,
            "id": "/subscriptions/c8dfa2ca-65d9-45c5-830a-f3c93b1e5d5f/resourceGroups/rg-aks-deployment-dev-eastus-001/providers/Microsoft.Network/virtualNetworks/vnet-aks-deployment-dev-eastus-vn/subnets/snet-aks-load-balancer-dev-eastus-sn",
            "name": "snet-aks-load-balancer-dev-eastus-sn",
            "private_endpoint_network_policies_enabled": false,
            "private_link_service_network_policies_enabled": true,
            "resource_group_name": "rg-aks-deployment-dev-eastus-001",
            "service_endpoint_policy_ids": [],
            "service_endpoints": [
              "Microsoft.ContainerRegistry",
              "Microsoft.EventHub",
              "Microsoft.Sql",
              "Microsoft.Storage"
            ],
            "timeouts": null,
            "virtual_network_name": "vnet-aks-deployment-dev-eastus-vn"
          },
          "sensitive_attributes": [],
          "private": "eyJlMmJmYjczMC1lY2FhLTExZTYtOGY4OC0zNDM2M2JjN2M0YzAiOnsiY3JlYXRlIjoxODAwMDAwMDAwMDAwLCJkZWxldGUiOjE4MDAwMDAwMDAwMDAsInJlYWQiOjMwMDAwMDAwMDAwMCwidXBkYXRlIjoxODAwMDAwMDAwMDAwfX0=",
          "dependencies": [
            "module.resource-group.azurerm_resource_group.resource_group",
            "module.virtual-network.azurerm_virtual_network.virtual_network"
          ]
        }
      ]
    },
    {
      "module": "module.local-file",
      "mode": "managed",
      "type": "local_file",
      "name": "foo",
      "provider": "provider[\"registry.terraform.io/hashicorp/local\"]",
      "instances": [
        {
          "schema_version": 0,
          "attributes": {
            "content": "My favourite pet is pheasant",
            "content_base64": null,
            "content_base64sha256": "BzjJDSw7blfVNshtHR5eRhhV6aSbJx/zvleB2EQCIlg=",
            "content_base64sha512": "BSICNueRgzfVcevLUgItzOMmUHhXQoj1Kp95/zIwz+qHHtxkt022FXPjF+14pbAqvNSQDxaLQKDK9gaEgGFOPg==",
            "content_md5": "136123ee25ed843d71cd242609915f99",
            "content_sha1": "4be30352a7532465bff16c774cb65de875052ca9",
            "content_sha256": "0738c90d2c3b6e57d536c86d1d1e5e461855e9a49b271ff3be5781d844022258",
            "content_sha512": "05220236e7918337d571ebcb52022dcce3265078574288f52a9f79ff3230cfea871edc64b74db61573e317ed78a5b02abcd4900f168b40a0caf6068480614e3e",
            "directory_permission": "0777",
            "file_permission": "0777",
            "filename": "./files/mypet.txt",
            "id": "4be30352a7532465bff16c774cb65de875052ca9",
            "sensitive_content": null,
            "source": null
          },
          "sensitive_attributes": [],
          "dependencies": [
            "module.random-pet.random_pet.random"
          ]
        }
      ]
    },
    {
      "module": "module.log-analytics-workspace",
      "mode": "managed",
      "type": "azurerm_log_analytics_solution",
      "name": "log_analytics_solution",
      "provider": "provider[\"registry.terraform.io/hashicorp/azurerm\"]",
      "instances": [
        {
          "schema_version": 1,
          "attributes": {
            "id": "/subscriptions/c8dfa2ca-65d9-45c5-830a-f3c93b1e5d5f/resourceGroups/rg-aks-deployment-dev-eastus-001/providers/Microsoft.OperationsManagement/solutions/ContainerInsights(log-aks-deployment-dev-eastus-lawn)",
            "location": "eastus",
            "plan": [
              {
                "name": "ContainerInsights(log-aks-deployment-dev-eastus-lawn)",
                "product": "OMSGallery/ContainerInsights",
                "promotion_code": "",
                "publisher": "Microsoft"
              }
            ],
            "resource_group_name": "rg-aks-deployment-dev-eastus-001",
            "solution_name": "ContainerInsights",
            "tags": {},
            "timeouts": null,
            "workspace_name": "log-aks-deployment-dev-eastus-lawn",
            "workspace_resource_id": "/subscriptions/c8dfa2ca-65d9-45c5-830a-f3c93b1e5d5f/resourceGroups/rg-aks-deployment-dev-eastus-001/providers/Microsoft.OperationalInsights/workspaces/log-aks-deployment-dev-eastus-lawn"
          },
          "sensitive_attributes": [],
          "private": "eyJlMmJmYjczMC1lY2FhLTExZTYtOGY4OC0zNDM2M2JjN2M0YzAiOnsiY3JlYXRlIjoxODAwMDAwMDAwMDAwLCJkZWxldGUiOjE4MDAwMDAwMDAwMDAsInJlYWQiOjMwMDAwMDAwMDAwMCwidXBkYXRlIjoxODAwMDAwMDAwMDAwfSwic2NoZW1hX3ZlcnNpb24iOiIxIn0=",
          "dependencies": [
            "module.log-analytics-workspace.azurerm_log_analytics_workspace.log_analytics_workspace",
            "module.resource-group.azurerm_resource_group.resource_group"
          ]
        }
      ]
    },
    {
      "module": "module.log-analytics-workspace",
      "mode": "managed",
      "type": "azurerm_log_analytics_workspace",
      "name": "log_analytics_workspace",
      "provider": "provider[\"registry.terraform.io/hashicorp/azurerm\"]",
      "instances": [
        {
          "schema_version": 3,
          "attributes": {
            "allow_resource_only_permissions": true,
            "cmk_for_query_forced": false,
            "daily_quota_gb": -1,
            "data_collection_rule_id": "",
            "id": "/subscriptions/c8dfa2ca-65d9-45c5-830a-f3c93b1e5d5f/resourceGroups/rg-aks-deployment-dev-eastus-001/providers/Microsoft.OperationalInsights/workspaces/log-aks-deployment-dev-eastus-lawn",
            "identity": [],
            "immediate_data_purge_on_30_days_enabled": false,
            "internet_ingestion_enabled": true,
            "internet_query_enabled": true,
            "local_authentication_disabled": false,
            "location": "eastus",
            "name": "log-aks-deployment-dev-eastus-lawn",
            "primary_shared_key": "wV2WA4TX1I8pVAO7OLUl2n0abyVe0iGY2ynM9b1iSXHK8nsqVwGRhwX16bMdWBe7l6uXT9LbJJq36ltxTv20TA==",
            "reservation_capacity_in_gb_per_day": null,
            "resource_group_name": "rg-aks-deployment-dev-eastus-001",
            "retention_in_days": 30,
            "secondary_shared_key": "mCgq7k2ilNZ16bQGDdjr+2AuFHY2YEJ6MghihtRZ0o9f22RYA8FLffeIu6J6E9p40HJD6BPiPesWqzws4fPcPg==",
            "sku": "PerGB2018",
            "tags": {
              "environment": "dev",
              "group": "none",
              "project": "apim-deployment",
              "terraform": "true"
            },
            "timeouts": null,
            "workspace_id": "a0d38019-babe-4b35-abed-bbc5cb9fbfb0"
          },
          "sensitive_attributes": [],
          "private": "eyJlMmJmYjczMC1lY2FhLTExZTYtOGY4OC0zNDM2M2JjN2M0YzAiOnsiY3JlYXRlIjoxODAwMDAwMDAwMDAwLCJkZWxldGUiOjE4MDAwMDAwMDAwMDAsInJlYWQiOjMwMDAwMDAwMDAwMCwidXBkYXRlIjoxODAwMDAwMDAwMDAwfSwic2NoZW1hX3ZlcnNpb24iOiIzIn0=",
          "dependencies": [
            "module.resource-group.azurerm_resource_group.resource_group"
          ]
        }
      ]
    },
    {
      "module": "module.random-pet",
      "mode": "managed",
      "type": "random_pet",
      "name": "random",
      "provider": "provider[\"registry.terraform.io/hashicorp/random\"]",
      "instances": [
        {
          "schema_version": 0,
          "attributes": {
            "id": "pheasant",
            "keepers": null,
            "length": 1,
            "prefix": null,
            "separator": "-"
          },
          "sensitive_attributes": []
        }
      ]
    },
    {
      "module": "module.resource-group",
      "mode": "managed",
      "type": "azurerm_resource_group",
      "name": "resource_group",
      "provider": "provider[\"registry.terraform.io/hashicorp/azurerm\"]",
      "instances": [
        {
          "schema_version": 0,
          "attributes": {
            "id": "/subscriptions/c8dfa2ca-65d9-45c5-830a-f3c93b1e5d5f/resourceGroups/rg-aks-deployment-dev-eastus-001",
            "location": "eastus",
            "managed_by": "",
            "name": "rg-aks-deployment-dev-eastus-001",
            "tags": {
              "environment": "dev",
              "group": "none",
              "project": "apim-deployment",
              "terraform": "true"
            },
            "timeouts": null
          },
          "sensitive_attributes": [],
          "private": "eyJlMmJmYjczMC1lY2FhLTExZTYtOGY4OC0zNDM2M2JjN2M0YzAiOnsiY3JlYXRlIjo1NDAwMDAwMDAwMDAwLCJkZWxldGUiOjU0MDAwMDAwMDAwMDAsInJlYWQiOjMwMDAwMDAwMDAwMCwidXBkYXRlIjo1NDAwMDAwMDAwMDAwfX0="
        }
      ]
    },
    {
      "module": "module.virtual-network",
      "mode": "managed",
      "type": "azurerm_private_dns_zone_virtual_network_link",
      "name": "private_dns_zone_virtual_network_link",
      "provider": "provider[\"registry.terraform.io/hashicorp/azurerm\"]",
      "instances": []
    },
    {
      "module": "module.virtual-network",
      "mode": "managed",
      "type": "azurerm_virtual_network",
      "name": "virtual_network",
      "provider": "provider[\"registry.terraform.io/hashicorp/azurerm\"]",
      "instances": [
        {
          "schema_version": 0,
          "attributes": {
            "address_space": [
              "10.0.0.0/16"
            ],
            "bgp_community": "",
            "ddos_protection_plan": [],
            "dns_servers": [],
            "edge_zone": "",
            "encryption": [],
            "flow_timeout_in_minutes": 0,
            "guid": "637823a2-3558-4191-b56b-e99851584e27",
            "id": "/subscriptions/c8dfa2ca-65d9-45c5-830a-f3c93b1e5d5f/resourceGroups/rg-aks-deployment-dev-eastus-001/providers/Microsoft.Network/virtualNetworks/vnet-aks-deployment-dev-eastus-vn",
            "location": "eastus",
            "name": "vnet-aks-deployment-dev-eastus-vn",
            "resource_group_name": "rg-aks-deployment-dev-eastus-001",
            "subnet": [
              {
                "address_prefix": "10.0.1.0/24",
                "id": "/subscriptions/c8dfa2ca-65d9-45c5-830a-f3c93b1e5d5f/resourceGroups/rg-aks-deployment-dev-eastus-001/providers/Microsoft.Network/virtualNetworks/vnet-aks-deployment-dev-eastus-vn/subnets/snet-aks-load-balancer-dev-eastus-sn",
                "name": "snet-aks-load-balancer-dev-eastus-sn",
                "security_group": ""
              },
              {
                "address_prefix": "10.0.2.0/24",
                "id": "/subscriptions/c8dfa2ca-65d9-45c5-830a-f3c93b1e5d5f/resourceGroups/rg-aks-deployment-dev-eastus-001/providers/Microsoft.Network/virtualNetworks/vnet-aks-deployment-dev-eastus-vn/subnets/snet-aks-node-pool-dev-eastus-sn",
                "name": "snet-aks-node-pool-dev-eastus-sn",
                "security_group": ""
              }
            ],
            "tags": {
              "environment": "dev",
              "group": "none",
              "project": "apim-deployment",
              "terraform": "true"
            },
            "timeouts": null
          },
          "sensitive_attributes": [],
          "private": "eyJlMmJmYjczMC1lY2FhLTExZTYtOGY4OC0zNDM2M2JjN2M0YzAiOnsiY3JlYXRlIjoxODAwMDAwMDAwMDAwLCJkZWxldGUiOjE4MDAwMDAwMDAwMDAsInJlYWQiOjMwMDAwMDAwMDAwMCwidXBkYXRlIjoxODAwMDAwMDAwMDAwfX0=",
          "dependencies": [
            "module.resource-group.azurerm_resource_group.resource_group"
          ]
        }
      ]
    }
  ],
  "check_results": null
}
